
Microsoft Visual Studio Solution File, Format Version 12.00
# Visual Studio Version 17
VisualStudioVersion = 17.0.31903.59
MinimumVisualStudioVersion = 10.0.40219.1
Project("{2150E333-8FDC-42A3-9474-1A3956D46DE8}") = "src", "src", "{827E0CD3-B72D-47B6-A68D-7590B98EB39B}"
EndProject
Project("{FAE04EC0-301F-11D3-BF4B-00C04F79EFBC}") = "SmeAccounting.Domain", "src\SmeAccounting.Domain\SmeAccounting.Domain.csproj", "{2A1C95F3-53F0-4E23-8D44-29D88A0924DD}"
EndProject
Project("{FAE04EC0-301F-11D3-BF4B-00C04F79EFBC}") = "SmeAccounting.Application", "src\SmeAccounting.Application\SmeAccounting.Application.csproj", "{08FDEB93-47B3-4AED-BE13-AA796F2E3AC2}"
EndProject
Project("{FAE04EC0-301F-11D3-BF4B-00C04F79EFBC}") = "SmeAccounting.Infrastructure", "src\SmeAccounting.Infrastructure\SmeAccounting.Infrastructure.csproj", "{FE4160BD-9DE6-40C8-8162-DACA88050355}"
EndProject
Project("{FAE04EC0-301F-11D3-BF4B-00C04F79EFBC}") = "SmeAccounting.Api", "src\SmeAccounting.Api\SmeAccounting.Api.csproj", "{7392BDA7-CBF9-42E5-859F-1CE62E633B99}"
EndProject
Project("{2150E333-8FDC-42A3-9474-1A3956D46DE8}") = "tests", "tests", "{0AB3BF05-4346-4AA6-1389-037BE0695223}"
EndProject
Project("{FAE04EC0-301F-11D3-BF4B-00C04F79EFBC}") = "SmeAccounting.ArchitectureTests", "tests\SmeAccounting.ArchitectureTests\SmeAccounting.ArchitectureTests.csproj", "{7D76ACC6-1CBA-4333-9A3F-5EF1BEE40F2D}"
EndProject
Project("{FAE04EC0-301F-11D3-BF4B-00C04F79EFBC}") = "SmeAccounting.BankTests", "tests\SmeAccounting.BankTests\SmeAccounting.BankTests.csproj", "{0F539A0D-B4A7-4105-84D4-2AC57D46925C}"
EndProject
Global
	GlobalSection(SolutionConfigurationPlatforms) = preSolution
		Debug|Any CPU = Debug|Any CPU
		Debug|x64 = Debug|x64
		Debug|x86 = Debug|x86
		Release|Any CPU = Release|Any CPU
		Release|x64 = Release|x64
		Release|x86 = Release|x86
	EndGlobalSection
	GlobalSection(ProjectConfigurationPlatforms) = postSolution
		{2A1C95F3-53F0-4E23-8D44-29D88A0924DD}.Debug|Any CPU.ActiveCfg = Debug|Any CPU
		{2A1C95F3-53F0-4E23-8D44-29D88A0924DD}.Debug|Any CPU.Build.0 = Debug|Any CPU
		{2A1C95F3-53F0-4E23-8D44-29D88A0924DD}.Debug|x64.ActiveCfg = Debug|Any CPU
		{2A1C95F3-53F0-4E23-8D44-29D88A0924DD}.Debug|x64.Build.0 = Debug|Any CPU
		{2A1C95F3-53F0-4E23-8D44-29D88A0924DD}.Debug|x86.ActiveCfg = Debug|Any CPU
		{2A1C95F3-53F0-4E23-8D44-29D88A0924DD}.Debug|x86.Build.0 = Debug|Any CPU
		{2A1C95F3-53F0-4E23-8D44-29D88A0924DD}.Release|Any CPU.ActiveCfg = Release|Any CPU
		{2A1C95F3-53F0-4E23-8D44-29D88A0924DD}.Release|Any CPU.Build.0 = Release|Any CPU
		{2A1C95F3-53F0-4E23-8D44-29D88A0924DD}.Release|x64.ActiveCfg = Release|Any CPU
		{2A1C95F3-53F0-4E23-8D44-29D88A0924DD}.Release|x64.Build.0 = Release|Any CPU
		{2A1C95F3-53F0-4E23-8D44-29D88A0924DD}.Release|x86.ActiveCfg = Release|Any CPU
		{2A1C95F3-53F0-4E23-8D44-29D88A0924DD}.Release|x86.Build.0 = Release|Any CPU
		{08FDEB93-47B3-4AED-BE13-AA796F2E3AC2}.Debug|Any CPU.ActiveCfg = Debug|Any CPU
		{08FDEB93-47B3-4AED-BE13-AA796F2E3AC2}.Debug|Any CPU.Build.0 = Debug|Any CPU
		{08FDEB93-47B3-4AED-BE13-AA796F2E3AC2}.Debug|x64.ActiveCfg = Debug|Any CPU
		{08FDEB93-47B3-4AED-BE13-AA796F2E3AC2}.Debug|x64.Build.0 = Debug|Any CPU
		{08FDEB93-47B3-4AED-BE13-AA796F2E3AC2}.Debug|x86.ActiveCfg = Debug|Any CPU
		{08FDEB93-47B3-4AED-BE13-AA796F2E3AC2}.Debug|x86.Build.0 = Debug|Any CPU
		{08FDEB93-47B3-4AED-BE13-AA796F2E3AC2}.Release|Any CPU.ActiveCfg = Release|Any CPU
		{08FDEB93-47B3-4AED-BE13-AA796F2E3AC2}.Release|Any CPU.Build.0 = Release|Any CPU
		{08FDEB93-47B3-4AED-BE13-AA796F2E3AC2}.Release|x64.ActiveCfg = Release|Any CPU
		{08FDEB93-47B3-4AED-BE13-AA796F2E3AC2}.Release|x64.Build.0 = Release|Any CPU
		{08FDEB93-47B3-4AED-BE13-AA796F2E3AC2}.Release|x86.ActiveCfg = Release|Any CPU
		{08FDEB93-47B3-4AED-BE13-AA796F2E3AC2}.Release|x86.Build.0 = Release|Any CPU
		{FE4160BD-9DE6-40C8-8162-DACA88050355}.Debug|Any CPU.ActiveCfg = Debug|Any CPU
		{FE4160BD-9DE6-40C8-8162-DACA88050355}.Debug|Any CPU.Build.0 = Debug|Any CPU
		{FE4160BD-9DE6-40C8-8162-DACA88050355}.Debug|x64.ActiveCfg = Debug|Any CPU
		{FE4160BD-9DE6-40C8-8162-DACA88050355}.Debug|x64.Build.0 = Debug|Any CPU
		{FE4160BD-9DE6-40C8-8162-DACA88050355}.Debug|x86.ActiveCfg = Debug|Any CPU
		{FE4160BD-9DE6-40C8-8162-DACA88050355}.Debug|x86.Build.0 = Debug|Any CPU
		{FE4160BD-9DE6-40C8-8162-DACA88050355}.Release|Any CPU.ActiveCfg = Release|Any CPU
		{FE4160BD-9DE6-40C8-8162-DACA88050355}.Release|Any CPU.Build.0 = Release|Any CPU
		{FE4160BD-9DE6-40C8-8162-DACA88050355}.Release|x64.ActiveCfg = Release|Any CPU
		{FE4160BD-9DE6-40C8-8162-DACA88050355}.Release|x64.Build.0 = Release|Any CPU
		{FE4160BD-9DE6-40C8-8162-DACA88050355}.Release|x86.ActiveCfg = Release|Any CPU
		{FE4160BD-9DE6-40C8-8162-DACA88050355}.Release|x86.Build.0 = Release|Any CPU
		{7392BDA7-CBF9-42E5-859F-1CE62E633B99}.Debug|Any CPU.ActiveCfg = Debug|Any CPU
		{7392BDA7-CBF9-42E5-859F-1CE62E633B99}.Debug|Any CPU.Build.0 = Debug|Any CPU
		{7392BDA7-CBF9-42E5-859F-1CE62E633B99}.Debug|x64.ActiveCfg = Debug|Any CPU
		{7392BDA7-CBF9-42E5-859F-1CE62E633B99}.Debug|x64.Build.0 = Debug|Any CPU
		{7392BDA7-CBF9-42E5-859F-1CE62E633B99}.Debug|x86.ActiveCfg = Debug|Any CPU
		{7392BDA7-CBF9-42E5-859F-1CE62E633B99}.Debug|x86.Build.0 = Debug|Any CPU
		{7392BDA7-CBF9-42E5-859F-1CE62E633B99}.Release|Any CPU.ActiveCfg = Release|Any CPU
		{7392BDA7-CBF9-42E5-859F-1CE62E633B99}.Release|Any CPU.Build.0 = Release|Any CPU
		{7392BDA7-CBF9-42E5-859F-1CE62E633B99}.Release|x64.ActiveCfg = Release|Any CPU
		{7392BDA7-CBF9-42E5-859F-1CE62E633B99}.Release|x64.Build.0 = Release|Any CPU
		{7392BDA7-CBF9-42E5-859F-1CE62E633B99}.Release|x86.ActiveCfg = Release|Any CPU
		{7392BDA7-CBF9-42E5-859F-1CE62E633B99}.Release|x86.Build.0 = Release|Any CPU
		{7D76ACC6-1CBA-4333-9A3F-5EF1BEE40F2D}.Debug|Any CPU.ActiveCfg = Debug|Any CPU
		{7D76ACC6-1CBA-4333-9A3F-5EF1BEE40F2D}.Debug|Any CPU.Build.0 = Debug|Any CPU
		{7D76ACC6-1CBA-4333-9A3F-5EF1BEE40F2D}.Debug|x64.ActiveCfg = Debug|Any CPU
		{7D76ACC6-1CBA-4333-9A3F-5EF1BEE40F2D}.Debug|x64.Build.0 = Debug|Any CPU
		{7D76ACC6-1CBA-4333-9A3F-5EF1BEE40F2D}.Debug|x86.ActiveCfg = Debug|Any CPU
		{7D76ACC6-1CBA-4333-9A3F-5EF1BEE40F2D}.Debug|x86.Build.0 = Debug|Any CPU
		{7D76ACC6-1CBA-4333-9A3F-5EF1BEE40F2D}.Release|Any CPU.ActiveCfg = Release|Any CPU
		{7D76ACC6-1CBA-4333-9A3F-5EF1BEE40F2D}.Release|Any CPU.Build.0 = Release|Any CPU
		{7D76ACC6-1CBA-4333-9A3F-5EF1BEE40F2D}.Release|x64.ActiveCfg = Release|Any CPU
		{7D76ACC6-1CBA-4333-9A3F-5EF1BEE40F2D}.Release|x64.Build.0 = Release|Any CPU
		{7D76ACC6-1CBA-4333-9A3F-5EF1BEE40F2D}.Release|x86.ActiveCfg = Release|Any CPU
		{7D76ACC6-1CBA-4333-9A3F-5EF1BEE40F2D}.Release|x86.Build.0 = Release|Any CPU
		{0F539A0D-B4A7-4105-84D4-2AC57D46925C}.Debug|Any CPU.ActiveCfg = Debug|Any CPU
		{0F539A0D-B4A7-4105-84D4-2AC57D46925C}.Debug|Any CPU.Build.0 = Debug|Any CPU
		{0F539A0D-B4A7-4105-84D4-2AC57D46925C}.Debug|x64.ActiveCfg = Debug|Any CPU
		{0F539A0D-B4A7-4105-84D4-2AC57D46925C}.Debug|x64.Build.0 = Debug|Any CPU
		{0F539A0D-B4A7-4105-84D4-2AC57D46925C}.Debug|x86.ActiveCfg = Debug|Any CPU
		{0F539A0D-B4A7-4105-84D4-2AC57D46925C}.Debug|x86.Build.0 = Debug|Any CPU
		{0F539A0D-B4A7-4105-84D4-2AC57D46925C}.Release|Any CPU.ActiveCfg = Release|Any CPU
		{0F539A0D-B4A7-4105-84D4-2AC57D46925C}.Release|Any CPU.Build.0 = Release|Any CPU
		{0F539A0D-B4A7-4105-84D4-2AC57D46925C}.Release|x64.ActiveCfg = Release|Any CPU
		{0F539A0D-B4A7-4105-84D4-2AC57D46925C}.Release|x64.Build.0 = Release|Any CPU
		{0F539A0D-B4A7-4105-84D4-2AC57D46925C}.Release|x86.ActiveCfg = Release|Any CPU
		{0F539A0D-B4A7-4105-84D4-2AC57D46925C}.Release|x86.Build.0 = Release|Any CPU
	EndGlobalSection
	GlobalSection(SolutionProperties) = preSolution
		HideSolutionNode = FALSE
	EndGlobalSection
	GlobalSection(NestedProjects) = preSolution
		{2A1C95F3-53F0-4E23-8D44-29D88A0924DD} = {827E0CD3-B72D-47B6-A68D-7590B98EB39B}
		{08FDEB93-47B3-4AED-BE13-AA796F2E3AC2} = {827E0CD3-B72D-47B6-A68D-7590B98EB39B}
		{FE4160BD-9DE6-40C8-8162-DACA88050355} = {827E0CD3-B72D-47B6-A68D-7590B98EB39B}
		{7392BDA7-CBF9-42E5-859F-1CE62E633B99} = {827E0CD3-B72D-47B6-A68D-7590B98EB39B}
		{7D76ACC6-1CBA-4333-9A3F-5EF1BEE40F2D} = {0AB3BF05-4346-4AA6-1389-037BE0695223}
		{0F539A0D-B4A7-4105-84D4-2AC57D46925C} = {0AB3BF05-4346-4AA6-1389-037BE0695223}
	EndGlobalSection
EndGlobal
