<Solution>
  <Folder Name="/src/">
    <Project Path="src/SmeAccounting.Api/SmeAccounting.Api.csproj" />
    <Project Path="src/SmeAccounting.Application/SmeAccounting.Application.csproj" />
    <Project Path="src/SmeAccounting.Domain/SmeAccounting.Domain.csproj" />
    <Project Path="src/SmeAccounting.Infrastructure/SmeAccounting.Infrastructure.csproj" />
    <Project Path="src/SmeAccounting.SharedKernel/SmeAccounting.SharedKernel.csproj" />
  </Folder>
  <Folder Name="/tests/">
    <Project Path="tests/SmeAccounting.Application.Tests/SmeAccounting.Application.Tests.csproj" />
    <Project Path="tests/SmeAccounting.Architecture.Tests/SmeAccounting.Architecture.Tests.csproj" />
    <Project Path="tests/SmeAccounting.Domain.Tests/SmeAccounting.Domain.Tests.csproj" />
    <Project Path="tests/SmeAccounting.Infrastructure.Tests/SmeAccounting.Infrastructure.Tests.csproj" />
    <Project Path="tests/SmeAccounting.Security.Tests/SmeAccounting.Security.Tests.csproj" />
    <Project Path="tests/SmeAccounting.Web.Tests/SmeAccounting.Web.Tests.csproj" />
  </Folder>
  <Folder Name="/src/Modules/">
    <Project Path="src/Modules/AccountingPeriod/Application/SmeAccounting.Modules.AccountingPeriod.Application.csproj" />
    <Project Path="src/Modules/AccountingPeriod/Domain/SmeAccounting.Modules.AccountingPeriod.Domain.csproj" />
    <Project Path="src/Modules/AccountingPeriod/Infrastructure/SmeAccounting.Modules.AccountingPeriod.Infrastructure.csproj" />
    <Project Path="src/Modules/Audit/Application/SmeAccounting.Modules.Audit.Application.csproj" />
    <Project Path="src/Modules/Audit/Domain/SmeAccounting.Modules.Audit.Domain.csproj" />
    <Project Path="src/Modules/Audit/Infrastructure/SmeAccounting.Modules.Audit.Infrastructure.csproj" />
    <Project Path="src/Modules/Authorization/Application/SmeAccounting.Modules.Authorization.Application.csproj" />
    <Project Path="src/Modules/Authorization/Domain/SmeAccounting.Modules.Authorization.Domain.csproj" />
    <Project Path="src/Modules/Authorization/Infrastructure/SmeAccounting.Modules.Authorization.Infrastructure.csproj" />
    <Project Path="src/Modules/ChartOfAccounts/Application/SmeAccounting.Modules.ChartOfAccounts.Application.csproj" />
    <Project Path="src/Modules/ChartOfAccounts/Domain/SmeAccounting.Modules.ChartOfAccounts.Domain.csproj" />
    <Project Path="src/Modules/ChartOfAccounts/Infrastructure/SmeAccounting.Modules.ChartOfAccounts.Infrastructure.csproj" />
    <Project Path="src/Modules/FinancialReporting/Application/SmeAccounting.Modules.FinancialReporting.Application.csproj" />
    <Project Path="src/Modules/FinancialReporting/Domain/SmeAccounting.Modules.FinancialReporting.Domain.csproj" />
    <Project Path="src/Modules/FinancialReporting/Infrastructure/SmeAccounting.Modules.FinancialReporting.Infrastructure.csproj" />
    <Project Path="src/Modules/GeneralLedger/Application/SmeAccounting.Modules.GeneralLedger.Application.csproj" />
    <Project Path="src/Modules/GeneralLedger/Domain/SmeAccounting.Modules.GeneralLedger.Domain.csproj" />
    <Project Path="src/Modules/GeneralLedger/Infrastructure/SmeAccounting.Modules.GeneralLedger.Infrastructure.csproj" />
    <Project Path="src/Modules/Identity/Application/SmeAccounting.Modules.Identity.Application.csproj" />
    <Project Path="src/Modules/Identity/Domain/SmeAccounting.Modules.Identity.Domain.csproj" />
    <Project Path="src/Modules/Identity/Infrastructure/SmeAccounting.Modules.Identity.Infrastructure.csproj" />
    <Project Path="src/Modules/Journal/Application/SmeAccounting.Modules.Journal.Application.csproj" />
    <Project Path="src/Modules/Journal/Domain/SmeAccounting.Modules.Journal.Domain.csproj" />
    <Project Path="src/Modules/Journal/Infrastructure/SmeAccounting.Modules.Journal.Infrastructure.csproj" />
    <Project Path="src/Modules/MasterData/Application/SmeAccounting.Modules.MasterData.Application.csproj" />
    <Project Path="src/Modules/MasterData/Domain/SmeAccounting.Modules.MasterData.Domain.csproj" />
    <Project Path="src/Modules/MasterData/Infrastructure/SmeAccounting.Modules.MasterData.Infrastructure.csproj" />
    <Project Path="src/Modules/Organization/Application/SmeAccounting.Modules.Organization.Application.csproj" />
    <Project Path="src/Modules/Organization/Domain/SmeAccounting.Modules.Organization.Domain.csproj" />
    <Project Path="src/Modules/Organization/Infrastructure/SmeAccounting.Modules.Organization.Infrastructure.csproj" />
    <Project Path="src/Modules/Posting/Application/SmeAccounting.Modules.Posting.Application.csproj" />
    <Project Path="src/Modules/Posting/Domain/SmeAccounting.Modules.Posting.Domain.csproj" />
    <Project Path="src/Modules/Posting/Infrastructure/SmeAccounting.Modules.Posting.Infrastructure.csproj" />
    <Project Path="src/Modules/Tax/Application/SmeAccounting.Modules.Tax.Application.csproj" />
    <Project Path="src/Modules/Tax/Domain/SmeAccounting.Modules.Tax.Domain.csproj" />
    <Project Path="src/Modules/Tax/Infrastructure/SmeAccounting.Modules.Tax.Infrastructure.csproj" />
  </Folder>
</Solution>